<?xml version="1.0" encoding="utf-8"?>
<Project ToolsVersion="4.0" xmlns="http://schemas.microsoft.com/developer/msbuild/2003">
  <ItemGroup>
    <Filter Include="Source Files">
      <UniqueIdentifier>{4FC737F1-C7A5-4376-A066-2A32D752A2FF}</UniqueIdentifier>
      <Extensions>cpp;c;cc;cxx;def;odl;idl;hpj;bat;asm;asmx</Extensions>
    </Filter>
    <Filter Include="Header Files">
      <UniqueIdentifier>{93995380-89BD-4b04-88EB-625FBE52EBFB}</UniqueIdentifier>
      <Extensions>h;hh;hpp;hxx;hm;inl;inc;xsd</Extensions>
    </Filter>
    <Filter Include="Resource Files">
      <UniqueIdentifier>{67DA6AB6-F800-4c08-8B7A-83BB121AAD01}</UniqueIdentifier>
      <Extensions>rc;ico;cur;bmp;dlg;rc2;rct;bin;rgs;gif;jpg;jpeg;jpe;resx;tiff;tif;png;wav;mfcribbon-ms</Extensions>
    </Filter>
  </ItemGroup>
  <ItemGroup>
    <ClInclude Include="..\..\..\..\..\GitHub\Final_Project\Moon_Russell_Final_Project\asciiArt.hpp">
      <Filter>Header Files</Filter>
    </ClInclude>
    <ClInclude Include="..\..\..\..\..\GitHub\Final_Project\Moon_Russell_Final_Project\AttPotion.hpp">
      <Filter>Header Files</Filter>
    </ClInclude>
    <ClInclude Include="..\..\..\..\..\GitHub\Final_Project\Moon_Russell_Final_Project\Bag.hpp">
      <Filter>Header Files</Filter>
    </ClInclude>
    <ClInclude Include="..\..\..\..\..\GitHub\Final_Project\Moon_Russell_Final_Project\Barbarian.hpp">
      <Filter>Header Files</Filter>
    </ClInclude>
    <ClInclude Include="..\..\..\..\..\GitHub\Final_Project\Moon_Russell_Final_Project\BlueMen.hpp">
      <Filter>Header Files</Filter>
    </ClInclude>
    <ClInclude Include="..\..\..\..\..\GitHub\Final_Project\Moon_Russell_Final_Project\Combat.hpp">
      <Filter>Header Files</Filter>
    </ClInclude>
    <ClInclude Include="..\..\..\..\..\GitHub\Final_Project\Moon_Russell_Final_Project\Consumable.hpp">
      <Filter>Header Files</Filter>
    </ClInclude>
    <ClInclude Include="..\..\..\..\..\GitHub\Final_Project\Moon_Russell_Final_Project\Creature.hpp">
      <Filter>Header Files</Filter>
    </ClInclude>
    <ClInclude Include="..\..\..\..\..\GitHub\Final_Project\Moon_Russell_Final_Project\cs162_utilities.hpp">
      <Filter>Header Files</Filter>
    </ClInclude>
    <ClInclude Include="..\..\..\..\..\GitHub\Final_Project\Moon_Russell_Final_Project\defConst.hpp">
      <Filter>Header Files</Filter>
    </ClInclude>
    <ClInclude Include="..\..\..\..\..\GitHub\Final_Project\Moon_Russell_Final_Project\DefPotion.hpp">
      <Filter>Header Files</Filter>
    </ClInclude>
    <ClInclude Include="..\..\..\..\..\GitHub\Final_Project\Moon_Russell_Final_Project\Die.hpp">
      <Filter>Header Files</Filter>
    </ClInclude>
    <ClInclude Include="..\..\..\..\..\GitHub\Final_Project\Moon_Russell_Final_Project\Forest.hpp">
      <Filter>Header Files</Filter>
    </ClInclude>
    <ClInclude Include="..\..\..\..\..\GitHub\Final_Project\Moon_Russell_Final_Project\Game.hpp">
      <Filter>Header Files</Filter>
    </ClInclude>
    <ClInclude Include="..\..\..\..\..\GitHub\Final_Project\Moon_Russell_Final_Project\HarryPotter.hpp">
      <Filter>Header Files</Filter>
    </ClInclude>
    <ClInclude Include="..\..\..\..\..\GitHub\Final_Project\Moon_Russell_Final_Project\Hero.hpp">
      <Filter>Header Files</Filter>
    </ClInclude>
    <ClInclude Include="..\..\..\..\..\GitHub\Final_Project\Moon_Russell_Final_Project\Hills.hpp">
      <Filter>Header Files</Filter>
    </ClInclude>
    <ClInclude Include="..\..\..\..\..\GitHub\Final_Project\Moon_Russell_Final_Project\Item.hpp">
      <Filter>Header Files</Filter>
    </ClInclude>
    <ClInclude Include="..\..\..\..\..\GitHub\Final_Project\Moon_Russell_Final_Project\Map.hpp">
      <Filter>Header Files</Filter>
    </ClInclude>
    <ClInclude Include="..\..\..\..\..\GitHub\Final_Project\Moon_Russell_Final_Project\Medusa.hpp">
      <Filter>Header Files</Filter>
    </ClInclude>
    <ClInclude Include="..\..\..\..\..\GitHub\Final_Project\Moon_Russell_Final_Project\Ore.hpp">
      <Filter>Header Files</Filter>
    </ClInclude>
    <ClInclude Include="..\..\..\..\..\GitHub\Final_Project\Moon_Russell_Final_Project\Plains.hpp">
      <Filter>Header Files</Filter>
    </ClInclude>
    <ClInclude Include="..\..\..\..\..\GitHub\Final_Project\Moon_Russell_Final_Project\Resource.hpp">
      <Filter>Header Files</Filter>
    </ClInclude>
    <ClInclude Include="..\..\..\..\..\GitHub\Final_Project\Moon_Russell_Final_Project\Space.hpp">
      <Filter>Header Files</Filter>
    </ClInclude>
    <ClInclude Include="..\..\..\..\..\GitHub\Final_Project\Moon_Russell_Final_Project\Stone.hpp">
      <Filter>Header Files</Filter>
    </ClInclude>
    <ClInclude Include="..\..\..\..\..\GitHub\Final_Project\Moon_Russell_Final_Project\StrPotion.hpp">
      <Filter>Header Files</Filter>
    </ClInclude>
    <ClInclude Include="..\..\..\..\..\GitHub\Final_Project\Moon_Russell_Final_Project\Vampire.hpp">
      <Filter>Header Files</Filter>
    </ClInclude>
    <ClInclude Include="..\..\..\..\..\GitHub\Final_Project\Moon_Russell_Final_Project\Village.hpp">
      <Filter>Header Files</Filter>
    </ClInclude>
    <ClInclude Include="..\..\..\..\..\GitHub\Final_Project\Moon_Russell_Final_Project\Wood.hpp">
      <Filter>Header Files</Filter>
    </ClInclude>
  </ItemGroup>
  <ItemGroup>
    <ClCompile Include="..\..\..\..\..\GitHub\Final_Project\Moon_Russell_Final_Project\asciiArt.cpp">
      <Filter>Source Files</Filter>
    </ClCompile>
    <ClCompile Include="..\..\..\..\..\GitHub\Final_Project\Moon_Russell_Final_Project\AttPotion.cpp">
      <Filter>Source Files</Filter>
    </ClCompile>
    <ClCompile Include="..\..\..\..\..\GitHub\Final_Project\Moon_Russell_Final_Project\Bag.cpp">
      <Filter>Source Files</Filter>
    </ClCompile>
    <ClCompile Include="..\..\..\..\..\GitHub\Final_Project\Moon_Russell_Final_Project\Barbarian.cpp">
      <Filter>Source Files</Filter>
    </ClCompile>
    <ClCompile Include="..\..\..\..\..\GitHub\Final_Project\Moon_Russell_Final_Project\BlueMen.cpp">
      <Filter>Source Files</Filter>
    </ClCompile>
    <ClCompile Include="..\..\..\..\..\GitHub\Final_Project\Moon_Russell_Final_Project\Combat.cpp">
      <Filter>Source Files</Filter>
    </ClCompile>
    <ClCompile Include="..\..\..\..\..\GitHub\Final_Project\Moon_Russell_Final_Project\Consumable.cpp">
      <Filter>Source Files</Filter>
    </ClCompile>
    <ClCompile Include="..\..\..\..\..\GitHub\Final_Project\Moon_Russell_Final_Project\Creature.cpp">
      <Filter>Source Files</Filter>
    </ClCompile>
    <ClCompile Include="..\..\..\..\..\GitHub\Final_Project\Moon_Russell_Final_Project\cs162_utilities.cpp">
      <Filter>Source Files</Filter>
    </ClCompile>
    <ClCompile Include="..\..\..\..\..\GitHub\Final_Project\Moon_Russell_Final_Project\DefPotion.cpp">
      <Filter>Source Files</Filter>
    </ClCompile>
    <ClCompile Include="..\..\..\..\..\GitHub\Final_Project\Moon_Russell_Final_Project\Die.cpp">
      <Filter>Source Files</Filter>
    </ClCompile>
    <ClCompile Include="..\..\..\..\..\GitHub\Final_Project\Moon_Russell_Final_Project\finalMain.cpp">
      <Filter>Source Files</Filter>
    </ClCompile>
    <ClCompile Include="..\..\..\..\..\GitHub\Final_Project\Moon_Russell_Final_Project\Forest.cpp">
      <Filter>Source Files</Filter>
    </ClCompile>
    <ClCompile Include="..\..\..\..\..\GitHub\Final_Project\Moon_Russell_Final_Project\Game.cpp">
      <Filter>Source Files</Filter>
    </ClCompile>
    <ClCompile Include="..\..\..\..\..\GitHub\Final_Project\Moon_Russell_Final_Project\HarryPotter.cpp">
      <Filter>Source Files</Filter>
    </ClCompile>
    <ClCompile Include="..\..\..\..\..\GitHub\Final_Project\Moon_Russell_Final_Project\Hero.cpp">
      <Filter>Source Files</Filter>
    </ClCompile>
    <ClCompile Include="..\..\..\..\..\GitHub\Final_Project\Moon_Russell_Final_Project\Hills.cpp">
      <Filter>Source Files</Filter>
    </ClCompile>
    <ClCompile Include="..\..\..\..\..\GitHub\Final_Project\Moon_Russell_Final_Project\Item.cpp">
      <Filter>Source Files</Filter>
    </ClCompile>
    <ClCompile Include="..\..\..\..\..\GitHub\Final_Project\Moon_Russell_Final_Project\Map.cpp">
      <Filter>Source Files</Filter>
    </ClCompile>
    <ClCompile Include="..\..\..\..\..\GitHub\Final_Project\Moon_Russell_Final_Project\Medusa.cpp">
      <Filter>Source Files</Filter>
    </ClCompile>
    <ClCompile Include="..\..\..\..\..\GitHub\Final_Project\Moon_Russell_Final_Project\Ore.cpp">
      <Filter>Source Files</Filter>
    </ClCompile>
    <ClCompile Include="..\..\..\..\..\GitHub\Final_Project\Moon_Russell_Final_Project\Plains.cpp">
      <Filter>Source Files</Filter>
    </ClCompile>
    <ClCompile Include="..\..\..\..\..\GitHub\Final_Project\Moon_Russell_Final_Project\Resource.cpp">
      <Filter>Source Files</Filter>
    </ClCompile>
    <ClCompile Include="..\..\..\..\..\GitHub\Final_Project\Moon_Russell_Final_Project\Space.cpp">
      <Filter>Source Files</Filter>
    </ClCompile>
    <ClCompile Include="..\..\..\..\..\GitHub\Final_Project\Moon_Russell_Final_Project\Stone.cpp">
      <Filter>Source Files</Filter>
    </ClCompile>
    <ClCompile Include="..\..\..\..\..\GitHub\Final_Project\Moon_Russell_Final_Project\StrPotion.cpp">
      <Filter>Source Files</Filter>
    </ClCompile>
    <ClCompile Include="..\..\..\..\..\GitHub\Final_Project\Moon_Russell_Final_Project\Vampire.cpp">
      <Filter>Source Files</Filter>
    </ClCompile>
    <ClCompile Include="..\..\..\..\..\GitHub\Final_Project\Moon_Russell_Final_Project\Village.cpp">
      <Filter>Source Files</Filter>
    </ClCompile>
    <ClCompile Include="..\..\..\..\..\GitHub\Final_Project\Moon_Russell_Final_Project\Wood.cpp">
      <Filter>Source Files</Filter>
    </ClCompile>
  </ItemGroup>
</Project>