<?xml version="1.0" encoding="utf-8"?>
<Project ToolsVersion="4.0" xmlns="http://schemas.microsoft.com/developer/msbuild/2003">
  <ItemGroup>
    <Filter Include="Source Files">
      <UniqueIdentifier>{4FC737F1-C7A5-4376-A066-2A32D752A2FF}</UniqueIdentifier>
      <Extensions>cpp;c;cc;cxx;def;odl;idl;hpj;bat;asm;asmx</Extensions>
    </Filter>
    <Filter Include="Header Files">
      <UniqueIdentifier>{93995380-89BD-4b04-88EB-625FBE52EBFB}</UniqueIdentifier>
      <Extensions>h;hh;hpp;hxx;hm;inl;inc;xsd</Extensions>
    </Filter>
    <Filter Include="Resource Files">
      <UniqueIdentifier>{67DA6AB6-F800-4c08-8B7A-83BB121AAD01}</UniqueIdentifier>
      <Extensions>rc;ico;cur;bmp;dlg;rc2;rct;bin;rgs;gif;jpg;jpeg;jpe;resx;tiff;tif;png;wav;mfcribbon-ms</Extensions>
    </Filter>
  </ItemGroup>
  <ItemGroup>
    <ClCompile Include="Creature.cpp">
      <Filter>Source Files</Filter>
    </ClCompile>
    <ClCompile Include="inputVerification.cpp">
      <Filter>Source Files</Filter>
    </ClCompile>
    <ClCompile Include="userMenu.cpp">
      <Filter>Source Files</Filter>
    </ClCompile>
    <ClCompile Include="Space.cpp">
      <Filter>Source Files</Filter>
    </ClCompile>
    <ClCompile Include="BatCave.cpp">
      <Filter>Source Files</Filter>
    </ClCompile>
    <ClCompile Include="Batman.cpp">
      <Filter>Source Files</Filter>
    </ClCompile>
    <ClCompile Include="IvyLair.cpp">
      <Filter>Source Files</Filter>
    </ClCompile>
    <ClCompile Include="Warehouse.cpp">
      <Filter>Source Files</Filter>
    </ClCompile>
    <ClCompile Include="PoisonIvy.cpp">
      <Filter>Source Files</Filter>
    </ClCompile>
    <ClCompile Include="UtilityBelt.cpp">
      <Filter>Source Files</Filter>
    </ClCompile>
    <ClCompile Include="Item.cpp">
      <Filter>Source Files</Filter>
    </ClCompile>
    <ClCompile Include="Riddler.cpp">
      <Filter>Source Files</Filter>
    </ClCompile>
    <ClCompile Include="RasAlGhul.cpp">
      <Filter>Source Files</Filter>
    </ClCompile>
    <ClCompile Include="Scarecrow.cpp">
      <Filter>Source Files</Filter>
    </ClCompile>
    <ClCompile Include="ArkhamAsylum.cpp">
      <Filter>Source Files</Filter>
    </ClCompile>
    <ClCompile Include="WayneManner.cpp">
      <Filter>Source Files</Filter>
    </ClCompile>
    <ClCompile Include="LeagueOfShadows.cpp">
      <Filter>Source Files</Filter>
    </ClCompile>
    <ClCompile Include="WayneEnterprise.cpp">
      <Filter>Source Files</Filter>
    </ClCompile>
    <ClCompile Include="batmanGame.cpp">
      <Filter>Source Files</Filter>
    </ClCompile>
  </ItemGroup>
  <ItemGroup>
    <ClInclude Include="Creature.hpp">
      <Filter>Header Files</Filter>
    </ClInclude>
    <ClInclude Include="userMenu.hpp">
      <Filter>Header Files</Filter>
    </ClInclude>
    <ClInclude Include="Space.hpp">
      <Filter>Header Files</Filter>
    </ClInclude>
    <ClInclude Include="BatCave.hpp">
      <Filter>Header Files</Filter>
    </ClInclude>
    <ClInclude Include="Batman.hpp">
      <Filter>Header Files</Filter>
    </ClInclude>
    <ClInclude Include="IvyLair.hpp">
      <Filter>Header Files</Filter>
    </ClInclude>
    <ClInclude Include="Warehouse.hpp">
      <Filter>Header Files</Filter>
    </ClInclude>
    <ClInclude Include="PoisonIvy.hpp">
      <Filter>Header Files</Filter>
    </ClInclude>
    <ClInclude Include="UtilityBelt.hpp">
      <Filter>Header Files</Filter>
    </ClInclude>
    <ClInclude Include="Item.hpp">
      <Filter>Header Files</Filter>
    </ClInclude>
    <ClInclude Include="Riddler.hpp">
      <Filter>Header Files</Filter>
    </ClInclude>
    <ClInclude Include="RasAlGhul.hpp">
      <Filter>Header Files</Filter>
    </ClInclude>
    <ClInclude Include="Scarecrow.hpp">
      <Filter>Header Files</Filter>
    </ClInclude>
    <ClInclude Include="ArkhamAsylum.hpp">
      <Filter>Header Files</Filter>
    </ClInclude>
    <ClInclude Include="WayneManner.hpp">
      <Filter>Header Files</Filter>
    </ClInclude>
    <ClInclude Include="LeagueOfShadows.hpp">
      <Filter>Header Files</Filter>
    </ClInclude>
    <ClInclude Include="WayneEnterprise.hpp">
      <Filter>Header Files</Filter>
    </ClInclude>
  </ItemGroup>
  <ItemGroup>
    <None Include="ClassDiagram.cd" />
  </ItemGroup>
</Project>